
Microsoft Visual Studio Solution File, Format Version 12.00
# Visual Studio 15
VisualStudioVersion = 15.0.27130.2027
MinimumVisualStudioVersion = 10.0.40219.1
Project("{FAE04EC0-301F-11D3-BF4B-00C04F79EFBC}") = "AutoTestApp", "AutoTestApp\AutoTestApp.csproj", "{2692B5C9-AD40-4EDB-AA3D-FA74943C4284}"
EndProject
Project("{FAE04EC0-301F-11D3-BF4B-00C04F79EFBC}") = "VendorService", "VendorService\VendorService.csproj", "{36D60CB5-E97C-4D47-A633-DF24500C08A2}"
EndProject
Global
	GlobalSection(SolutionConfigurationPlatforms) = preSolution
		Debug|Any CPU = Debug|Any CPU
		Release|Any CPU = Release|Any CPU
	EndGlobalSection
	GlobalSection(ProjectConfigurationPlatforms) = postSolution
		{2692B5C9-AD40-4EDB-AA3D-FA74943C4284}.Debug|Any CPU.ActiveCfg = Debug|Any CPU
		{2692B5C9-AD40-4EDB-AA3D-FA74943C4284}.Debug|Any CPU.Build.0 = Debug|Any CPU
		{2692B5C9-AD40-4EDB-AA3D-FA74943C4284}.Release|Any CPU.ActiveCfg = Release|Any CPU
		{2692B5C9-AD40-4EDB-AA3D-FA74943C4284}.Release|Any CPU.Build.0 = Release|Any CPU
		{36D60CB5-E97C-4D47-A633-DF24500C08A2}.Debug|Any CPU.ActiveCfg = Debug|Any CPU
		{36D60CB5-E97C-4D47-A633-DF24500C08A2}.Debug|Any CPU.Build.0 = Debug|Any CPU
		{36D60CB5-E97C-4D47-A633-DF24500C08A2}.Release|Any CPU.ActiveCfg = Release|Any CPU
		{36D60CB5-E97C-4D47-A633-DF24500C08A2}.Release|Any CPU.Build.0 = Release|Any CPU
	EndGlobalSection
	GlobalSection(SolutionProperties) = preSolution
		HideSolutionNode = FALSE
	EndGlobalSection
	GlobalSection(ExtensibilityGlobals) = postSolution
		SolutionGuid = {6F5F2BCC-C047-49EE-9704-76ED012C39AA}
	EndGlobalSection
EndGlobal
